# THIS IS AN AUTOGENERATED FILE. DO NOT EDIT THIS FILE DIRECTLY.
# yarn lockfile v1


"@prisma/client@^4.10.1":
  version "4.10.1"
  resolved "https://registry.yarnpkg.com/@prisma/client/-/client-4.10.1.tgz#c47fd54661ee74b174cee63e9dc418ecf57a6ccd"
  integrity sha512-VonXLJZybdt8e5XZH5vnIGCRNnIh6OMX1FS3H/yzMGLT3STj5TJ/OkMcednrvELgk8PK89Vo3aSh51MWNO0axA==
  dependencies:
    "@prisma/engines-version" "4.10.1-2.aead147aa326ccb985dcfed5b065b4fdabd44b19"

"@prisma/engines-version@4.10.1-2.aead147aa326ccb985dcfed5b065b4fdabd44b19":
  version "4.10.1-2.aead147aa326ccb985dcfed5b065b4fdabd44b19"
  resolved "https://registry.yarnpkg.com/@prisma/engines-version/-/engines-version-4.10.1-2.aead147aa326ccb985dcfed5b065b4fdabd44b19.tgz#312359d9d00e39e323136d0270876293d315658e"
  integrity sha512-tsjTho7laDhf9EJ9EnDxAPEf7yrigSMDhniXeU4YoWc7azHAs4GPxRi2P9LTFonmHkJLMOLjR77J1oIP8Ife1w==
